
Microsoft Visual Studio Solution File, Format Version 12.00
# Visual Studio Version 16
VisualStudioVersion = 16.0.30204.135
MinimumVisualStudioVersion = 10.0.40219.1
Project("{9A19103F-16F7-4668-BE54-9A1E7A4F7556}") = "DateTimeZone", "DateTimeZone\DateTimeZone.csproj", "{C3143C4B-2536-4232-9F8D-A62E1F77FD71}"
EndProject
Project("{9A19103F-16F7-4668-BE54-9A1E7A4F7556}") = "DateTimeZoneTest", "DateTimeZoneTest\DateTimeZoneTest.csproj", "{189BF683-86E0-4456-9CB1-C18EA40D22B3}"
EndProject
Global
	GlobalSection(SolutionConfigurationPlatforms) = preSolution
		Debug|Any CPU = Debug|Any CPU
		Release|Any CPU = Release|Any CPU
	EndGlobalSection
	GlobalSection(ProjectConfigurationPlatforms) = postSolution
		{C3143C4B-2536-4232-9F8D-A62E1F77FD71}.Debug|Any CPU.ActiveCfg = Debug|Any CPU
		{C3143C4B-2536-4232-9F8D-A62E1F77FD71}.Debug|Any CPU.Build.0 = Debug|Any CPU
		{C3143C4B-2536-4232-9F8D-A62E1F77FD71}.Release|Any CPU.ActiveCfg = Release|Any CPU
		{C3143C4B-2536-4232-9F8D-A62E1F77FD71}.Release|Any CPU.Build.0 = Release|Any CPU
		{189BF683-86E0-4456-9CB1-C18EA40D22B3}.Debug|Any CPU.ActiveCfg = Debug|Any CPU
		{189BF683-86E0-4456-9CB1-C18EA40D22B3}.Debug|Any CPU.Build.0 = Debug|Any CPU
		{189BF683-86E0-4456-9CB1-C18EA40D22B3}.Release|Any CPU.ActiveCfg = Release|Any CPU
		{189BF683-86E0-4456-9CB1-C18EA40D22B3}.Release|Any CPU.Build.0 = Release|Any CPU
	EndGlobalSection
	GlobalSection(SolutionProperties) = preSolution
		HideSolutionNode = FALSE
	EndGlobalSection
	GlobalSection(ExtensibilityGlobals) = postSolution
		SolutionGuid = {DCDA807F-C53C-4B84-AC4E-7649555D3561}
	EndGlobalSection
EndGlobal
