
Microsoft Visual Studio Solution File, Format Version 12.00
# Visual Studio Version 16
VisualStudioVersion = 16.0.30204.135
MinimumVisualStudioVersion = 10.0.40219.1
Project("{9A19103F-16F7-4668-BE54-9A1E7A4F7556}") = "DateTimeZone", "DateTimeZone.csproj", "{7D8A3316-5EC7-4CA8-99FF-C908ACBF6AB2}"
EndProject
Project("{FAE04EC0-301F-11D3-BF4B-00C04F79EFBC}") = "DateTimeZoneTest", "..\DateTimeZoneTest\DateTimeZoneTest.csproj", "{89E9F6E2-9771-4499-9C83-667AB960B676}"
EndProject
Global
	GlobalSection(SolutionConfigurationPlatforms) = preSolution
		Debug|Any CPU = Debug|Any CPU
		Release|Any CPU = Release|Any CPU
	EndGlobalSection
	GlobalSection(ProjectConfigurationPlatforms) = postSolution
		{7D8A3316-5EC7-4CA8-99FF-C908ACBF6AB2}.Debug|Any CPU.ActiveCfg = Debug|Any CPU
		{7D8A3316-5EC7-4CA8-99FF-C908ACBF6AB2}.Debug|Any CPU.Build.0 = Debug|Any CPU
		{7D8A3316-5EC7-4CA8-99FF-C908ACBF6AB2}.Release|Any CPU.ActiveCfg = Release|Any CPU
		{7D8A3316-5EC7-4CA8-99FF-C908ACBF6AB2}.Release|Any CPU.Build.0 = Release|Any CPU
		{89E9F6E2-9771-4499-9C83-667AB960B676}.Debug|Any CPU.ActiveCfg = Debug|Any CPU
		{89E9F6E2-9771-4499-9C83-667AB960B676}.Debug|Any CPU.Build.0 = Debug|Any CPU
		{89E9F6E2-9771-4499-9C83-667AB960B676}.Release|Any CPU.ActiveCfg = Release|Any CPU
		{89E9F6E2-9771-4499-9C83-667AB960B676}.Release|Any CPU.Build.0 = Release|Any CPU
	EndGlobalSection
	GlobalSection(SolutionProperties) = preSolution
		HideSolutionNode = FALSE
	EndGlobalSection
	GlobalSection(ExtensibilityGlobals) = postSolution
		SolutionGuid = {DCDA807F-C53C-4B84-AC4E-7649555D3561}
	EndGlobalSection
EndGlobal
